
Microsoft Visual Studio Solution File, Format Version 12.00
# Visual Studio Version 16
VisualStudioVersion = 16.0.31515.178
MinimumVisualStudioVersion = 10.0.40219.1
Project("{FAE04EC0-301F-11D3-BF4B-00C04F79EFBC}") = "coupon number", "coupon number\coupon number.csproj", "{4CF20816-9480-49E6-9B99-F8DDA64C8139}"
EndProject
Global
	GlobalSection(SolutionConfigurationPlatforms) = preSolution
		Debug|Any CPU = Debug|Any CPU
		Release|Any CPU = Release|Any CPU
	EndGlobalSection
	GlobalSection(ProjectConfigurationPlatforms) = postSolution
		{4CF20816-9480-49E6-9B99-F8DDA64C8139}.Debug|Any CPU.ActiveCfg = Debug|Any CPU
		{4CF20816-9480-49E6-9B99-F8DDA64C8139}.Debug|Any CPU.Build.0 = Debug|Any CPU
		{4CF20816-9480-49E6-9B99-F8DDA64C8139}.Release|Any CPU.ActiveCfg = Release|Any CPU
		{4CF20816-9480-49E6-9B99-F8DDA64C8139}.Release|Any CPU.Build.0 = Release|Any CPU
	EndGlobalSection
	GlobalSection(SolutionProperties) = preSolution
		HideSolutionNode = FALSE
	EndGlobalSection
	GlobalSection(ExtensibilityGlobals) = postSolution
		SolutionGuid = {DE1D7C43-32EA-4AA4-A62D-F307F25D282F}
	EndGlobalSection
EndGlobal
